
Microsoft Visual Studio Solution File, Format Version 12.00
# Visual Studio Version 17
VisualStudioVersion = 17.0.32126.317
MinimumVisualStudioVersion = 10.0.40219.1
Project("{FAE04EC0-301F-11D3-BF4B-00C04F79EFBC}") = "PROGRAM", "PROGRAM.csproj", "{30B62886-3CF5-405A-BA89-3E94930378C2}"
EndProject
Global
	GlobalSection(SolutionConfigurationPlatforms) = preSolution
		Debug|Any CPU = Debug|Any CPU
		Release|Any CPU = Release|Any CPU
	EndGlobalSection
	GlobalSection(ProjectConfigurationPlatforms) = postSolution
		{30B62886-3CF5-405A-BA89-3E94930378C2}.Debug|Any CPU.ActiveCfg = Debug|Any CPU
		{30B62886-3CF5-405A-BA89-3E94930378C2}.Debug|Any CPU.Build.0 = Debug|Any CPU
		{30B62886-3CF5-405A-BA89-3E94930378C2}.Release|Any CPU.ActiveCfg = Release|Any CPU
		{30B62886-3CF5-405A-BA89-3E94930378C2}.Release|Any CPU.Build.0 = Release|Any CPU
	EndGlobalSection
	GlobalSection(SolutionProperties) = preSolution
		HideSolutionNode = FALSE
	EndGlobalSection
	GlobalSection(ExtensibilityGlobals) = postSolution
		SolutionGuid = {DFE44802-B349-4057-9D69-5D4A3B6508B0}
	EndGlobalSection
EndGlobal
